
Microsoft Visual Studio Solution File, Format Version 12.00
# Visual Studio Version 17
VisualStudioVersion = 17.2.32802.462
MinimumVisualStudioVersion = 10.0.40219.1
Project("{FAE04EC0-301F-11D3-BF4B-00C04F79EFBC}") = "FTSF8W_ZH", "FTSF8W_ZH.csproj", "{F1B10EA6-C5E2-43AA-9748-84F8D2C5FC41}"
EndProject
Project("{FAE04EC0-301F-11D3-BF4B-00C04F79EFBC}") = "zh", "..\zh\zh.csproj", "{93F730ED-D95D-4CAB-85B6-70E60B1303C5}"
EndProject
Global
	GlobalSection(SolutionConfigurationPlatforms) = preSolution
		Debug|Any CPU = Debug|Any CPU
		Release|Any CPU = Release|Any CPU
	EndGlobalSection
	GlobalSection(ProjectConfigurationPlatforms) = postSolution
		{F1B10EA6-C5E2-43AA-9748-84F8D2C5FC41}.Debug|Any CPU.ActiveCfg = Debug|Any CPU
		{F1B10EA6-C5E2-43AA-9748-84F8D2C5FC41}.Debug|Any CPU.Build.0 = Debug|Any CPU
		{F1B10EA6-C5E2-43AA-9748-84F8D2C5FC41}.Release|Any CPU.ActiveCfg = Release|Any CPU
		{F1B10EA6-C5E2-43AA-9748-84F8D2C5FC41}.Release|Any CPU.Build.0 = Release|Any CPU
		{93F730ED-D95D-4CAB-85B6-70E60B1303C5}.Debug|Any CPU.ActiveCfg = Debug|Any CPU
		{93F730ED-D95D-4CAB-85B6-70E60B1303C5}.Debug|Any CPU.Build.0 = Debug|Any CPU
		{93F730ED-D95D-4CAB-85B6-70E60B1303C5}.Release|Any CPU.ActiveCfg = Release|Any CPU
		{93F730ED-D95D-4CAB-85B6-70E60B1303C5}.Release|Any CPU.Build.0 = Release|Any CPU
	EndGlobalSection
	GlobalSection(SolutionProperties) = preSolution
		HideSolutionNode = FALSE
	EndGlobalSection
	GlobalSection(ExtensibilityGlobals) = postSolution
		SolutionGuid = {7D340541-7C95-4B9C-893C-D92DF18354F2}
	EndGlobalSection
EndGlobal
